
Microsoft Visual Studio Solution File, Format Version 12.00
# Visual Studio Version 17
VisualStudioVersion = 17.0.32014.148
MinimumVisualStudioVersion = 10.0.40219.1
Project("{FAE04EC0-301F-11D3-BF4B-00C04F79EFBC}") = "MaxMin", "MaxMin.csproj", "{6E5E5980-ADAC-4B0D-A799-45510E8EA8D0}"
EndProject
Global
	GlobalSection(SolutionConfigurationPlatforms) = preSolution
		Debug|Any CPU = Debug|Any CPU
		Release|Any CPU = Release|Any CPU
	EndGlobalSection
	GlobalSection(ProjectConfigurationPlatforms) = postSolution
		{6E5E5980-ADAC-4B0D-A799-45510E8EA8D0}.Debug|Any CPU.ActiveCfg = Debug|Any CPU
		{6E5E5980-ADAC-4B0D-A799-45510E8EA8D0}.Debug|Any CPU.Build.0 = Debug|Any CPU
		{6E5E5980-ADAC-4B0D-A799-45510E8EA8D0}.Release|Any CPU.ActiveCfg = Release|Any CPU
		{6E5E5980-ADAC-4B0D-A799-45510E8EA8D0}.Release|Any CPU.Build.0 = Release|Any CPU
	EndGlobalSection
	GlobalSection(SolutionProperties) = preSolution
		HideSolutionNode = FALSE
	EndGlobalSection
	GlobalSection(ExtensibilityGlobals) = postSolution
		SolutionGuid = {4716D9FA-1C94-46D9-AD95-8925D91DF6D0}
	EndGlobalSection
EndGlobal
