
Microsoft Visual Studio Solution File, Format Version 12.00
# Visual Studio Version 17
VisualStudioVersion = 17.0.32014.148
MinimumVisualStudioVersion = 10.0.40219.1
Project("{FAE04EC0-301F-11D3-BF4B-00C04F79EFBC}") = "Plus Minus", "Plus Minus.csproj", "{716A5C98-EE52-4823-9178-47F4096480EE}"
EndProject
Global
	GlobalSection(SolutionConfigurationPlatforms) = preSolution
		Debug|Any CPU = Debug|Any CPU
		Release|Any CPU = Release|Any CPU
	EndGlobalSection
	GlobalSection(ProjectConfigurationPlatforms) = postSolution
		{716A5C98-EE52-4823-9178-47F4096480EE}.Debug|Any CPU.ActiveCfg = Debug|Any CPU
		{716A5C98-EE52-4823-9178-47F4096480EE}.Debug|Any CPU.Build.0 = Debug|Any CPU
		{716A5C98-EE52-4823-9178-47F4096480EE}.Release|Any CPU.ActiveCfg = Release|Any CPU
		{716A5C98-EE52-4823-9178-47F4096480EE}.Release|Any CPU.Build.0 = Release|Any CPU
	EndGlobalSection
	GlobalSection(SolutionProperties) = preSolution
		HideSolutionNode = FALSE
	EndGlobalSection
	GlobalSection(ExtensibilityGlobals) = postSolution
		SolutionGuid = {51A5B450-9143-4F96-BA21-CA2A1E772529}
	EndGlobalSection
EndGlobal
