
Microsoft Visual Studio Solution File, Format Version 12.00
# Visual Studio Version 17
VisualStudioVersion = 17.0.32014.148
MinimumVisualStudioVersion = 10.0.40219.1
Project("{FAE04EC0-301F-11D3-BF4B-00C04F79EFBC}") = "Tower Breakers", "Tower Breakers.csproj", "{AF5801A0-A6D4-43D6-9718-A56CC6BA15F0}"
EndProject
Global
	GlobalSection(SolutionConfigurationPlatforms) = preSolution
		Debug|Any CPU = Debug|Any CPU
		Release|Any CPU = Release|Any CPU
	EndGlobalSection
	GlobalSection(ProjectConfigurationPlatforms) = postSolution
		{AF5801A0-A6D4-43D6-9718-A56CC6BA15F0}.Debug|Any CPU.ActiveCfg = Debug|Any CPU
		{AF5801A0-A6D4-43D6-9718-A56CC6BA15F0}.Debug|Any CPU.Build.0 = Debug|Any CPU
		{AF5801A0-A6D4-43D6-9718-A56CC6BA15F0}.Release|Any CPU.ActiveCfg = Release|Any CPU
		{AF5801A0-A6D4-43D6-9718-A56CC6BA15F0}.Release|Any CPU.Build.0 = Release|Any CPU
	EndGlobalSection
	GlobalSection(SolutionProperties) = preSolution
		HideSolutionNode = FALSE
	EndGlobalSection
	GlobalSection(ExtensibilityGlobals) = postSolution
		SolutionGuid = {135407EC-AF11-46C0-9126-6CA54D5AA0E2}
	EndGlobalSection
EndGlobal
