
Microsoft Visual Studio Solution File, Format Version 12.00
# Visual Studio Version 17
VisualStudioVersion = 17.0.32014.148
MinimumVisualStudioVersion = 10.0.40219.1
Project("{FAE04EC0-301F-11D3-BF4B-00C04F79EFBC}") = "MinMaxSum", "MinMaxSum.csproj", "{CA6D5E26-ACCF-4166-B0FE-EACB4AC37685}"
EndProject
Global
	GlobalSection(SolutionConfigurationPlatforms) = preSolution
		Debug|Any CPU = Debug|Any CPU
		Release|Any CPU = Release|Any CPU
	EndGlobalSection
	GlobalSection(ProjectConfigurationPlatforms) = postSolution
		{CA6D5E26-ACCF-4166-B0FE-EACB4AC37685}.Debug|Any CPU.ActiveCfg = Debug|Any CPU
		{CA6D5E26-ACCF-4166-B0FE-EACB4AC37685}.Debug|Any CPU.Build.0 = Debug|Any CPU
		{CA6D5E26-ACCF-4166-B0FE-EACB4AC37685}.Release|Any CPU.ActiveCfg = Release|Any CPU
		{CA6D5E26-ACCF-4166-B0FE-EACB4AC37685}.Release|Any CPU.Build.0 = Release|Any CPU
	EndGlobalSection
	GlobalSection(SolutionProperties) = preSolution
		HideSolutionNode = FALSE
	EndGlobalSection
	GlobalSection(ExtensibilityGlobals) = postSolution
		SolutionGuid = {8D8B2EEB-BBDF-4C89-A448-544F2F035FDB}
	EndGlobalSection
EndGlobal
