
Microsoft Visual Studio Solution File, Format Version 12.00
# Visual Studio Version 17
VisualStudioVersion = 17.0.32014.148
MinimumVisualStudioVersion = 10.0.40219.1
Project("{FAE04EC0-301F-11D3-BF4B-00C04F79EFBC}") = "Diagonal Difference", "Diagonal Difference.csproj", "{2673801E-85B0-46B4-93C2-B73BC285BDA9}"
EndProject
Global
	GlobalSection(SolutionConfigurationPlatforms) = preSolution
		Debug|Any CPU = Debug|Any CPU
		Release|Any CPU = Release|Any CPU
	EndGlobalSection
	GlobalSection(ProjectConfigurationPlatforms) = postSolution
		{2673801E-85B0-46B4-93C2-B73BC285BDA9}.Debug|Any CPU.ActiveCfg = Debug|Any CPU
		{2673801E-85B0-46B4-93C2-B73BC285BDA9}.Debug|Any CPU.Build.0 = Debug|Any CPU
		{2673801E-85B0-46B4-93C2-B73BC285BDA9}.Release|Any CPU.ActiveCfg = Release|Any CPU
		{2673801E-85B0-46B4-93C2-B73BC285BDA9}.Release|Any CPU.Build.0 = Release|Any CPU
	EndGlobalSection
	GlobalSection(SolutionProperties) = preSolution
		HideSolutionNode = FALSE
	EndGlobalSection
	GlobalSection(ExtensibilityGlobals) = postSolution
		SolutionGuid = {030BA5E9-7B22-4072-9BEC-04C73BC1B338}
	EndGlobalSection
EndGlobal
