
Microsoft Visual Studio Solution File, Format Version 12.00
# Visual Studio Version 17
VisualStudioVersion = 17.0.32014.148
MinimumVisualStudioVersion = 10.0.40219.1
Project("{FAE04EC0-301F-11D3-BF4B-00C04F79EFBC}") = "Time Conversion", "Time Conversion.csproj", "{BDCEFA9E-1422-484A-B3C6-85AE2E6BAF9A}"
EndProject
Global
	GlobalSection(SolutionConfigurationPlatforms) = preSolution
		Debug|Any CPU = Debug|Any CPU
		Release|Any CPU = Release|Any CPU
	EndGlobalSection
	GlobalSection(ProjectConfigurationPlatforms) = postSolution
		{BDCEFA9E-1422-484A-B3C6-85AE2E6BAF9A}.Debug|Any CPU.ActiveCfg = Debug|Any CPU
		{BDCEFA9E-1422-484A-B3C6-85AE2E6BAF9A}.Debug|Any CPU.Build.0 = Debug|Any CPU
		{BDCEFA9E-1422-484A-B3C6-85AE2E6BAF9A}.Release|Any CPU.ActiveCfg = Release|Any CPU
		{BDCEFA9E-1422-484A-B3C6-85AE2E6BAF9A}.Release|Any CPU.Build.0 = Release|Any CPU
	EndGlobalSection
	GlobalSection(SolutionProperties) = preSolution
		HideSolutionNode = FALSE
	EndGlobalSection
	GlobalSection(ExtensibilityGlobals) = postSolution
		SolutionGuid = {79247C46-0521-43F1-A8A3-11B4B50E805D}
	EndGlobalSection
EndGlobal
